
Microsoft Visual Studio Solution File, Format Version 12.00
# Visual Studio 14
VisualStudioVersion = 14.0.25420.1
MinimumVisualStudioVersion = 10.0.40219.1
Project("{8BC9CEB8-8B4A-11D0-8D11-00A0C91BC942}") = "K-Nearest Neighbor", "K-Nearest Neighbor\K-Nearest Neighbor.vcxproj", "{8F04D9F4-C6B3-433F-B936-654B38C85299}"
EndProject
Project("{8BC9CEB8-8B4A-11D0-8D11-00A0C91BC942}") = "排序器", "排序器\排序器.vcxproj", "{BB6D656F-5BBA-43C3-A2BE-4C60D9C4B91A}"
EndProject
Project("{8BC9CEB8-8B4A-11D0-8D11-00A0C91BC942}") = "距离计算", "距离计算\距离计算.vcxproj", "{F279B631-F72F-4A83-B903-00F195D231FD}"
EndProject
Global
	GlobalSection(SolutionConfigurationPlatforms) = preSolution
		Debug|x64 = Debug|x64
		Debug|x86 = Debug|x86
		Release|x64 = Release|x64
		Release|x86 = Release|x86
	EndGlobalSection
	GlobalSection(ProjectConfigurationPlatforms) = postSolution
		{8F04D9F4-C6B3-433F-B936-654B38C85299}.Debug|x64.ActiveCfg = Debug|x64
		{8F04D9F4-C6B3-433F-B936-654B38C85299}.Debug|x64.Build.0 = Debug|x64
		{8F04D9F4-C6B3-433F-B936-654B38C85299}.Debug|x86.ActiveCfg = Debug|Win32
		{8F04D9F4-C6B3-433F-B936-654B38C85299}.Debug|x86.Build.0 = Debug|Win32
		{8F04D9F4-C6B3-433F-B936-654B38C85299}.Release|x64.ActiveCfg = Release|x64
		{8F04D9F4-C6B3-433F-B936-654B38C85299}.Release|x64.Build.0 = Release|x64
		{8F04D9F4-C6B3-433F-B936-654B38C85299}.Release|x86.ActiveCfg = Release|Win32
		{8F04D9F4-C6B3-433F-B936-654B38C85299}.Release|x86.Build.0 = Release|Win32
		{BB6D656F-5BBA-43C3-A2BE-4C60D9C4B91A}.Debug|x64.ActiveCfg = Debug|x64
		{BB6D656F-5BBA-43C3-A2BE-4C60D9C4B91A}.Debug|x64.Build.0 = Debug|x64
		{BB6D656F-5BBA-43C3-A2BE-4C60D9C4B91A}.Debug|x86.ActiveCfg = Debug|Win32
		{BB6D656F-5BBA-43C3-A2BE-4C60D9C4B91A}.Debug|x86.Build.0 = Debug|Win32
		{BB6D656F-5BBA-43C3-A2BE-4C60D9C4B91A}.Release|x64.ActiveCfg = Release|x64
		{BB6D656F-5BBA-43C3-A2BE-4C60D9C4B91A}.Release|x64.Build.0 = Release|x64
		{BB6D656F-5BBA-43C3-A2BE-4C60D9C4B91A}.Release|x86.ActiveCfg = Release|Win32
		{BB6D656F-5BBA-43C3-A2BE-4C60D9C4B91A}.Release|x86.Build.0 = Release|Win32
		{F279B631-F72F-4A83-B903-00F195D231FD}.Debug|x64.ActiveCfg = Debug|x64
		{F279B631-F72F-4A83-B903-00F195D231FD}.Debug|x64.Build.0 = Debug|x64
		{F279B631-F72F-4A83-B903-00F195D231FD}.Debug|x86.ActiveCfg = Debug|Win32
		{F279B631-F72F-4A83-B903-00F195D231FD}.Debug|x86.Build.0 = Debug|Win32
		{F279B631-F72F-4A83-B903-00F195D231FD}.Release|x64.ActiveCfg = Release|x64
		{F279B631-F72F-4A83-B903-00F195D231FD}.Release|x64.Build.0 = Release|x64
		{F279B631-F72F-4A83-B903-00F195D231FD}.Release|x86.ActiveCfg = Release|Win32
		{F279B631-F72F-4A83-B903-00F195D231FD}.Release|x86.Build.0 = Release|Win32
	EndGlobalSection
	GlobalSection(SolutionProperties) = preSolution
		HideSolutionNode = FALSE
	EndGlobalSection
EndGlobal
